
Microsoft Visual Studio Solution File, Format Version 12.00
# Visual Studio 2013
VisualStudioVersion = 12.0.31101.0
MinimumVisualStudioVersion = 10.0.40219.1
Project("{FAE04EC0-301F-11D3-BF4B-00C04F79EFBC}") = "PETUtility.Service", "PETUtility.Service\PETUtility.Service.csproj", "{4FCC52F9-AE8F-41AF-94C6-1D31775F1DBA}"
EndProject
Project("{FAE04EC0-301F-11D3-BF4B-00C04F79EFBC}") = "PETUtility.Data", "PETUtility.Data\PETUtility.Data.csproj", "{A19AAE19-B49A-4CFF-AE73-D4C4C56420C3}"
EndProject
Project("{FAE04EC0-301F-11D3-BF4B-00C04F79EFBC}") = "PETUtility.Business", "PETUtility.Business\PETUtility.Business.csproj", "{2ED6C990-D584-4CFE-ADA5-DEF2506AB69A}"
EndProject
Project("{00D1A9C2-B5F0-4AF3-8072-F6C62B433612}") = "PETUtility.Database", "PETUtility.Database\PETUtility.Database.sqlproj", "{5C2CBECF-CA97-4426-8252-08D222D1C9FD}"
EndProject
Project("{FAE04EC0-301F-11D3-BF4B-00C04F79EFBC}") = "PETUtility.Web", "PETUtility.Web\PETUtility.Web.csproj", "{8090B777-F6D6-425C-8D3E-5432C63E2241}"
EndProject
Global
	GlobalSection(SolutionConfigurationPlatforms) = preSolution
		Debug|Any CPU = Debug|Any CPU
		Release|Any CPU = Release|Any CPU
	EndGlobalSection
	GlobalSection(ProjectConfigurationPlatforms) = postSolution
		{4FCC52F9-AE8F-41AF-94C6-1D31775F1DBA}.Debug|Any CPU.ActiveCfg = Debug|Any CPU
		{4FCC52F9-AE8F-41AF-94C6-1D31775F1DBA}.Debug|Any CPU.Build.0 = Debug|Any CPU
		{4FCC52F9-AE8F-41AF-94C6-1D31775F1DBA}.Release|Any CPU.ActiveCfg = Release|Any CPU
		{4FCC52F9-AE8F-41AF-94C6-1D31775F1DBA}.Release|Any CPU.Build.0 = Release|Any CPU
		{A19AAE19-B49A-4CFF-AE73-D4C4C56420C3}.Debug|Any CPU.ActiveCfg = Debug|Any CPU
		{A19AAE19-B49A-4CFF-AE73-D4C4C56420C3}.Debug|Any CPU.Build.0 = Debug|Any CPU
		{A19AAE19-B49A-4CFF-AE73-D4C4C56420C3}.Release|Any CPU.ActiveCfg = Release|Any CPU
		{A19AAE19-B49A-4CFF-AE73-D4C4C56420C3}.Release|Any CPU.Build.0 = Release|Any CPU
		{2ED6C990-D584-4CFE-ADA5-DEF2506AB69A}.Debug|Any CPU.ActiveCfg = Debug|Any CPU
		{2ED6C990-D584-4CFE-ADA5-DEF2506AB69A}.Debug|Any CPU.Build.0 = Debug|Any CPU
		{2ED6C990-D584-4CFE-ADA5-DEF2506AB69A}.Release|Any CPU.ActiveCfg = Release|Any CPU
		{2ED6C990-D584-4CFE-ADA5-DEF2506AB69A}.Release|Any CPU.Build.0 = Release|Any CPU
		{5C2CBECF-CA97-4426-8252-08D222D1C9FD}.Debug|Any CPU.ActiveCfg = Debug|Any CPU
		{5C2CBECF-CA97-4426-8252-08D222D1C9FD}.Debug|Any CPU.Build.0 = Debug|Any CPU
		{5C2CBECF-CA97-4426-8252-08D222D1C9FD}.Debug|Any CPU.Deploy.0 = Debug|Any CPU
		{5C2CBECF-CA97-4426-8252-08D222D1C9FD}.Release|Any CPU.ActiveCfg = Release|Any CPU
		{5C2CBECF-CA97-4426-8252-08D222D1C9FD}.Release|Any CPU.Build.0 = Release|Any CPU
		{5C2CBECF-CA97-4426-8252-08D222D1C9FD}.Release|Any CPU.Deploy.0 = Release|Any CPU
		{8090B777-F6D6-425C-8D3E-5432C63E2241}.Debug|Any CPU.ActiveCfg = Debug|Any CPU
		{8090B777-F6D6-425C-8D3E-5432C63E2241}.Debug|Any CPU.Build.0 = Debug|Any CPU
		{8090B777-F6D6-425C-8D3E-5432C63E2241}.Release|Any CPU.ActiveCfg = Release|Any CPU
		{8090B777-F6D6-425C-8D3E-5432C63E2241}.Release|Any CPU.Build.0 = Release|Any CPU
	EndGlobalSection
	GlobalSection(SolutionProperties) = preSolution
		HideSolutionNode = FALSE
	EndGlobalSection
EndGlobal
